{
  "object": {
    "pins": [
      {
        "package": "CommandLineKit",
        "repositoryURL": "https://github.com/pvieito/CommandLineKit.git",
        "state": {
          "branch": "master",
          "revision": "698faa52e6de9ecf6aac8429dfaf0effa5be2257",
          "version": null
        }
      },
      {
        "package": "CSQLite",
        "repositoryURL": "https://github.com/stephencelis/CSQLite.git",
        "state": {
          "branch": null,
          "revision": "9106e983d5e3d5149ee35281ec089484b0def018",
          "version": "0.0.3"
        }
      },
      {
        "package": "Fortify",
        "repositoryURL": "https://github.com/kinironote/Fortify",
        "state": {
          "branch": null,
          "revision": "1b2446e95fe6848edc7b9fc02605c5e12d507b3e",
          "version": "1.1.1"
        }
      },
      {
        "package": "Just",
        "repositoryURL": "https://github.com/dduan/Just",
        "state": {
          "branch": null,
          "revision": "1824bf84cf52d11d69ae20cfb89f0ce5bffa5650",
          "version": "0.8.0"
        }
      },
      {
        "package": "LoggerKit",
        "repositoryURL": "https://github.com/pvieito/LoggerKit.git",
        "state": {
          "branch": "master",
          "revision": "32d3eedcf4b7014cf89757f8a5f06beaff1eb5ff",
          "version": null
        }
      },
      {
        "package": "PythonKit",
        "repositoryURL": "https://github.com/pvieito/PythonKit.git",
        "state": {
          "branch": "master",
          "revision": "29e05a7f7174d9aa64f1b3713fee9f5161b84a51",
          "version": null
        }
      },
      {
        "package": "Regex",
        "repositoryURL": "https://github.com/sharplet/Regex.git",
        "state": {
          "branch": null,
          "revision": "a819aed0e9555268c29a62500fe6fb781ae7f57d",
          "version": "2.1.0"
        }
      },
      {
        "package": "SQLite.swift",
        "repositoryURL": "https://github.com/kinironote/SQLite.swift.git",
        "state": {
          "branch": "master",
          "revision": "68a0c33d29e85a8deaa822ca98778bd58b41cad1",
          "version": null
        }
      },
      {
        "package": "Swifter",
        "repositoryURL": "https://github.com/httpswift/swifter.git",
        "state": {
          "branch": null,
          "revision": "8b5afb48ae64d4f729f0489ddcfe09c62b9c3687",
          "version": "1.4.7"
        }
      },
      {
        "package": "SwiftyBeaver",
        "repositoryURL": "https://github.com/SwiftyBeaver/SwiftyBeaver.git",
        "state": {
          "branch": null,
          "revision": "2f2b7ac0b675e9d0ac696758f15bbff97eb65a31",
          "version": "1.8.4"
        }
      }
    ]
  },
  "version": 1
}
